
Microsoft Visual Studio Solution File, Format Version 12.00
Project("{FAE04EC0-301F-11D3-BF4B-00C04F79EFBC}") = "P1Classes", "P1Classes\P1Classes.csproj", "{F43E588C-C559-4CE9-B2AE-43746F281FD5}"
EndProject
Project("{FAE04EC0-301F-11D3-BF4B-00C04F79EFBC}") = "P2Fields", "P2Fields\P2Fields.csproj", "{B2BD5ACD-D4B1-4914-B9FB-49D3CAEA2F9B}"
EndProject
Project("{FAE04EC0-301F-11D3-BF4B-00C04F79EFBC}") = "P3LevelUp", "P3LevelUp\P3LevelUp.csproj", "{3BFC2686-2915-4C33-A3EB-2863AEA0C943}"
EndProject
Project("{FAE04EC0-301F-11D3-BF4B-00C04F79EFBC}") = "P1_1People", "P1_1People\P1_1People.csproj", "{F4FF4944-356E-4146-9B4D-85BB2D20F1E8}"
EndProject
Project("{FAE04EC0-301F-11D3-BF4B-00C04F79EFBC}") = "P2_1PlayerGold", "P2_1PlayerGold\P2_1PlayerGold.csproj", "{5A19C58C-F71F-4211-97EF-A6F170BBDE3E}"
EndProject
Project("{FAE04EC0-301F-11D3-BF4B-00C04F79EFBC}") = "P2_2ItemValues", "P2_2ItemValues\P2_2ItemValues.csproj", "{0742BD0C-6631-441C-82F5-A88A603BE1BF}"
EndProject
Project("{FAE04EC0-301F-11D3-BF4B-00C04F79EFBC}") = "P3_1HelloWorld", "P3_1HelloWorld\P3_1HelloWorld.csproj", "{644E8C59-BDB0-417C-9AEA-12469DA8F840}"
EndProject
Project("{FAE04EC0-301F-11D3-BF4B-00C04F79EFBC}") = "P3_2People", "P3_2People\P3_2People.csproj", "{15334ACF-7712-40FE-A9EE-3E01AD9F67BC}"
EndProject
Project("{FAE04EC0-301F-11D3-BF4B-00C04F79EFBC}") = "P3_3OpenDoor", "P3_3OpenDoor\P3_3OpenDoor.csproj", "{94CE29CE-A6AC-4920-AA58-897FC9384413}"
EndProject
Project("{FAE04EC0-301F-11D3-BF4B-00C04F79EFBC}") = "RPG", "RPG\RPG.csproj", "{A357CFEE-B354-4363-84A8-2B8F9C9333C3}"
EndProject
Project("{FAE04EC0-301F-11D3-BF4B-00C04F79EFBC}") = "P4_1Replacing", "P4_1Replacing\P4_1Replacing.csproj", "{82E0314C-3DCF-4377-9A59-999F386552BB}"
EndProject
Project("{FAE04EC0-301F-11D3-BF4B-00C04F79EFBC}") = "P4_2AllTheSame", "P4_2AllTheSame\P4_2AllTheSame.csproj", "{0B5A8DD1-056B-41CC-9D21-FA4BAD4D5473}"
EndProject
Project("{FAE04EC0-301F-11D3-BF4B-00C04F79EFBC}") = "P4_3PassingReferences", "P4_3PassingReferences\P4_3PassingReferences.csproj", "{1B7FE709-8A7C-4353-AE60-57A47832B244}"
EndProject
Project("{FAE04EC0-301F-11D3-BF4B-00C04F79EFBC}") = "P4Attack", "P4Attack\P4Attack.csproj", "{2F4D9235-9026-4758-AE9D-AED6A996B184}"
EndProject
Global
	GlobalSection(SolutionConfigurationPlatforms) = preSolution
		Debug|Any CPU = Debug|Any CPU
		Release|Any CPU = Release|Any CPU
	EndGlobalSection
	GlobalSection(ProjectConfigurationPlatforms) = postSolution
		{F43E588C-C559-4CE9-B2AE-43746F281FD5}.Debug|Any CPU.ActiveCfg = Debug|Any CPU
		{F43E588C-C559-4CE9-B2AE-43746F281FD5}.Debug|Any CPU.Build.0 = Debug|Any CPU
		{F43E588C-C559-4CE9-B2AE-43746F281FD5}.Release|Any CPU.ActiveCfg = Release|Any CPU
		{F43E588C-C559-4CE9-B2AE-43746F281FD5}.Release|Any CPU.Build.0 = Release|Any CPU
		{B2BD5ACD-D4B1-4914-B9FB-49D3CAEA2F9B}.Debug|Any CPU.ActiveCfg = Debug|Any CPU
		{B2BD5ACD-D4B1-4914-B9FB-49D3CAEA2F9B}.Debug|Any CPU.Build.0 = Debug|Any CPU
		{B2BD5ACD-D4B1-4914-B9FB-49D3CAEA2F9B}.Release|Any CPU.ActiveCfg = Release|Any CPU
		{B2BD5ACD-D4B1-4914-B9FB-49D3CAEA2F9B}.Release|Any CPU.Build.0 = Release|Any CPU
		{3BFC2686-2915-4C33-A3EB-2863AEA0C943}.Debug|Any CPU.ActiveCfg = Debug|Any CPU
		{3BFC2686-2915-4C33-A3EB-2863AEA0C943}.Debug|Any CPU.Build.0 = Debug|Any CPU
		{3BFC2686-2915-4C33-A3EB-2863AEA0C943}.Release|Any CPU.ActiveCfg = Release|Any CPU
		{3BFC2686-2915-4C33-A3EB-2863AEA0C943}.Release|Any CPU.Build.0 = Release|Any CPU
		{F4FF4944-356E-4146-9B4D-85BB2D20F1E8}.Debug|Any CPU.ActiveCfg = Debug|Any CPU
		{F4FF4944-356E-4146-9B4D-85BB2D20F1E8}.Debug|Any CPU.Build.0 = Debug|Any CPU
		{F4FF4944-356E-4146-9B4D-85BB2D20F1E8}.Release|Any CPU.ActiveCfg = Release|Any CPU
		{F4FF4944-356E-4146-9B4D-85BB2D20F1E8}.Release|Any CPU.Build.0 = Release|Any CPU
		{5A19C58C-F71F-4211-97EF-A6F170BBDE3E}.Debug|Any CPU.ActiveCfg = Debug|Any CPU
		{5A19C58C-F71F-4211-97EF-A6F170BBDE3E}.Debug|Any CPU.Build.0 = Debug|Any CPU
		{5A19C58C-F71F-4211-97EF-A6F170BBDE3E}.Release|Any CPU.ActiveCfg = Release|Any CPU
		{5A19C58C-F71F-4211-97EF-A6F170BBDE3E}.Release|Any CPU.Build.0 = Release|Any CPU
		{0742BD0C-6631-441C-82F5-A88A603BE1BF}.Debug|Any CPU.ActiveCfg = Debug|Any CPU
		{0742BD0C-6631-441C-82F5-A88A603BE1BF}.Debug|Any CPU.Build.0 = Debug|Any CPU
		{0742BD0C-6631-441C-82F5-A88A603BE1BF}.Release|Any CPU.ActiveCfg = Release|Any CPU
		{0742BD0C-6631-441C-82F5-A88A603BE1BF}.Release|Any CPU.Build.0 = Release|Any CPU
		{644E8C59-BDB0-417C-9AEA-12469DA8F840}.Debug|Any CPU.ActiveCfg = Debug|Any CPU
		{644E8C59-BDB0-417C-9AEA-12469DA8F840}.Debug|Any CPU.Build.0 = Debug|Any CPU
		{644E8C59-BDB0-417C-9AEA-12469DA8F840}.Release|Any CPU.ActiveCfg = Release|Any CPU
		{644E8C59-BDB0-417C-9AEA-12469DA8F840}.Release|Any CPU.Build.0 = Release|Any CPU
		{15334ACF-7712-40FE-A9EE-3E01AD9F67BC}.Debug|Any CPU.ActiveCfg = Debug|Any CPU
		{15334ACF-7712-40FE-A9EE-3E01AD9F67BC}.Debug|Any CPU.Build.0 = Debug|Any CPU
		{15334ACF-7712-40FE-A9EE-3E01AD9F67BC}.Release|Any CPU.ActiveCfg = Release|Any CPU
		{15334ACF-7712-40FE-A9EE-3E01AD9F67BC}.Release|Any CPU.Build.0 = Release|Any CPU
		{94CE29CE-A6AC-4920-AA58-897FC9384413}.Debug|Any CPU.ActiveCfg = Debug|Any CPU
		{94CE29CE-A6AC-4920-AA58-897FC9384413}.Debug|Any CPU.Build.0 = Debug|Any CPU
		{94CE29CE-A6AC-4920-AA58-897FC9384413}.Release|Any CPU.ActiveCfg = Release|Any CPU
		{94CE29CE-A6AC-4920-AA58-897FC9384413}.Release|Any CPU.Build.0 = Release|Any CPU
		{A357CFEE-B354-4363-84A8-2B8F9C9333C3}.Debug|Any CPU.ActiveCfg = Debug|Any CPU
		{A357CFEE-B354-4363-84A8-2B8F9C9333C3}.Debug|Any CPU.Build.0 = Debug|Any CPU
		{A357CFEE-B354-4363-84A8-2B8F9C9333C3}.Release|Any CPU.ActiveCfg = Release|Any CPU
		{A357CFEE-B354-4363-84A8-2B8F9C9333C3}.Release|Any CPU.Build.0 = Release|Any CPU
		{82E0314C-3DCF-4377-9A59-999F386552BB}.Debug|Any CPU.ActiveCfg = Debug|Any CPU
		{82E0314C-3DCF-4377-9A59-999F386552BB}.Debug|Any CPU.Build.0 = Debug|Any CPU
		{82E0314C-3DCF-4377-9A59-999F386552BB}.Release|Any CPU.ActiveCfg = Release|Any CPU
		{82E0314C-3DCF-4377-9A59-999F386552BB}.Release|Any CPU.Build.0 = Release|Any CPU
		{0B5A8DD1-056B-41CC-9D21-FA4BAD4D5473}.Debug|Any CPU.ActiveCfg = Debug|Any CPU
		{0B5A8DD1-056B-41CC-9D21-FA4BAD4D5473}.Debug|Any CPU.Build.0 = Debug|Any CPU
		{0B5A8DD1-056B-41CC-9D21-FA4BAD4D5473}.Release|Any CPU.ActiveCfg = Release|Any CPU
		{0B5A8DD1-056B-41CC-9D21-FA4BAD4D5473}.Release|Any CPU.Build.0 = Release|Any CPU
		{1B7FE709-8A7C-4353-AE60-57A47832B244}.Debug|Any CPU.ActiveCfg = Debug|Any CPU
		{1B7FE709-8A7C-4353-AE60-57A47832B244}.Debug|Any CPU.Build.0 = Debug|Any CPU
		{1B7FE709-8A7C-4353-AE60-57A47832B244}.Release|Any CPU.ActiveCfg = Release|Any CPU
		{1B7FE709-8A7C-4353-AE60-57A47832B244}.Release|Any CPU.Build.0 = Release|Any CPU
		{2F4D9235-9026-4758-AE9D-AED6A996B184}.Debug|Any CPU.ActiveCfg = Debug|Any CPU
		{2F4D9235-9026-4758-AE9D-AED6A996B184}.Debug|Any CPU.Build.0 = Debug|Any CPU
		{2F4D9235-9026-4758-AE9D-AED6A996B184}.Release|Any CPU.ActiveCfg = Release|Any CPU
		{2F4D9235-9026-4758-AE9D-AED6A996B184}.Release|Any CPU.Build.0 = Release|Any CPU
	EndGlobalSection
EndGlobal
